
Microsoft Visual Studio Solution File, Format Version 12.00
# Visual Studio Version 16
VisualStudioVersion = 16.0.29215.179
MinimumVisualStudioVersion = 10.0.40219.1
Project("{9A19103F-16F7-4668-BE54-9A1E7A4F7556}") = "LaixerGMLTest", "GMLTest\LaixerGMLTest.csproj", "{12DCC28B-97DF-4DD9-98FB-4FABC9076571}"
EndProject
Global
	GlobalSection(SolutionConfigurationPlatforms) = preSolution
		Debug|Any CPU = Debug|Any CPU
		Release|Any CPU = Release|Any CPU
	EndGlobalSection
	GlobalSection(ProjectConfigurationPlatforms) = postSolution
		{12DCC28B-97DF-4DD9-98FB-4FABC9076571}.Debug|Any CPU.ActiveCfg = Debug|Any CPU
		{12DCC28B-97DF-4DD9-98FB-4FABC9076571}.Debug|Any CPU.Build.0 = Debug|Any CPU
		{12DCC28B-97DF-4DD9-98FB-4FABC9076571}.Release|Any CPU.ActiveCfg = Release|Any CPU
		{12DCC28B-97DF-4DD9-98FB-4FABC9076571}.Release|Any CPU.Build.0 = Release|Any CPU
	EndGlobalSection
	GlobalSection(SolutionProperties) = preSolution
		HideSolutionNode = FALSE
	EndGlobalSection
	GlobalSection(ExtensibilityGlobals) = postSolution
		SolutionGuid = {DADF83A1-33EF-401F-96E7-169C67172EDE}
	EndGlobalSection
EndGlobal
